
Microsoft Visual Studio Solution File, Format Version 12.00
# Visual Studio Version 17
VisualStudioVersion = 17.10.35013.160
MinimumVisualStudioVersion = 10.0.40219.1
Project("{9A19103F-16F7-4668-BE54-9A1E7A4F7556}") = "UserDelegationSas", "UserDelegationSas.csproj", "{1E86C5F3-CEC9-4C1F-8A39-CEA6085EC0DB}"
EndProject
Global
	GlobalSection(SolutionConfigurationPlatforms) = preSolution
		Debug|Any CPU = Debug|Any CPU
		Release|Any CPU = Release|Any CPU
	EndGlobalSection
	GlobalSection(ProjectConfigurationPlatforms) = postSolution
		{1E86C5F3-CEC9-4C1F-8A39-CEA6085EC0DB}.Debug|Any CPU.ActiveCfg = Debug|Any CPU
		{1E86C5F3-CEC9-4C1F-8A39-CEA6085EC0DB}.Debug|Any CPU.Build.0 = Debug|Any CPU
		{1E86C5F3-CEC9-4C1F-8A39-CEA6085EC0DB}.Release|Any CPU.ActiveCfg = Release|Any CPU
		{1E86C5F3-CEC9-4C1F-8A39-CEA6085EC0DB}.Release|Any CPU.Build.0 = Release|Any CPU
	EndGlobalSection
	GlobalSection(SolutionProperties) = preSolution
		HideSolutionNode = FALSE
	EndGlobalSection
	GlobalSection(ExtensibilityGlobals) = postSolution
		SolutionGuid = {5869D43C-DCD1-40FE-9E99-9A1D0E3F112B}
	EndGlobalSection
EndGlobal
