Microsoft Visual Studio Solution File, Format Version 12.00
# Visual Studio Version 17
VisualStudioVersion = 17.5.2.0
MinimumVisualStudioVersion = 10.0.40219.1
Project("{FAE04EC0-301F-11D3-BF4B-00C04F79EFBC}") = "cron-evaluator-azure-function", "cron-evaluator-azure-function.csproj", "{995FB0D3-27BC-E7C3-B891-F8CD44F66AA5}"
EndProject
Global
	GlobalSection(SolutionConfigurationPlatforms) = preSolution
		Debug|Any CPU = Debug|Any CPU
		Release|Any CPU = Release|Any CPU
	EndGlobalSection
	GlobalSection(ProjectConfigurationPlatforms) = postSolution
		{995FB0D3-27BC-E7C3-B891-F8CD44F66AA5}.Debug|Any CPU.ActiveCfg = Debug|Any CPU
		{995FB0D3-27BC-E7C3-B891-F8CD44F66AA5}.Debug|Any CPU.Build.0 = Debug|Any CPU
		{995FB0D3-27BC-E7C3-B891-F8CD44F66AA5}.Release|Any CPU.ActiveCfg = Release|Any CPU
		{995FB0D3-27BC-E7C3-B891-F8CD44F66AA5}.Release|Any CPU.Build.0 = Release|Any CPU
	EndGlobalSection
	GlobalSection(SolutionProperties) = preSolution
		HideSolutionNode = FALSE
	EndGlobalSection
	GlobalSection(ExtensibilityGlobals) = postSolution
		SolutionGuid = {B771BA6C-538D-4F15-92A0-D5F4368E3548}
	EndGlobalSection
EndGlobal
